
Microsoft Visual Studio Solution File, Format Version 12.00
# Visual Studio Version 17
VisualStudioVersion = 17.11.35327.3
MinimumVisualStudioVersion = 10.0.40219.1
Project("{FAE04EC0-301F-11D3-BF4B-00C04F79EFBC}") = "BitbucketRepoBulkCloner", "BitbucketRepoBulkCloner\BitbucketRepoBulkCloner.csproj", "{732C3803-0FF4-4E2C-94FA-AE4A5BF55B77}"
EndProject
Global
	GlobalSection(SolutionConfigurationPlatforms) = preSolution
		Debug|Any CPU = Debug|Any CPU
		Release|Any CPU = Release|Any CPU
	EndGlobalSection
	GlobalSection(ProjectConfigurationPlatforms) = postSolution
		{732C3803-0FF4-4E2C-94FA-AE4A5BF55B77}.Debug|Any CPU.ActiveCfg = Debug|Any CPU
		{732C3803-0FF4-4E2C-94FA-AE4A5BF55B77}.Debug|Any CPU.Build.0 = Debug|Any CPU
		{732C3803-0FF4-4E2C-94FA-AE4A5BF55B77}.Release|Any CPU.ActiveCfg = Release|Any CPU
		{732C3803-0FF4-4E2C-94FA-AE4A5BF55B77}.Release|Any CPU.Build.0 = Release|Any CPU
	EndGlobalSection
	GlobalSection(SolutionProperties) = preSolution
		HideSolutionNode = FALSE
	EndGlobalSection
	GlobalSection(ExtensibilityGlobals) = postSolution
		SolutionGuid = {B36B2DBA-E22B-44C2-A03E-B6A9AD0D0479}
	EndGlobalSection
EndGlobal
